
Microsoft Visual Studio Solution File, Format Version 12.00
# Visual Studio Version 17
VisualStudioVersion = 17.7.34018.315
MinimumVisualStudioVersion = 10.0.40219.1
Project("{FAE04EC0-301F-11D3-BF4B-00C04F79EFBC}") = "Uppgift 1.2", "Uppgift 1.2\Uppgift 1.2.csproj", "{CD7C9DF7-63B9-4BF0-A29E-03C6B1AF7404}"
EndProject
Global
	GlobalSection(SolutionConfigurationPlatforms) = preSolution
		Debug|Any CPU = Debug|Any CPU
		Release|Any CPU = Release|Any CPU
	EndGlobalSection
	GlobalSection(ProjectConfigurationPlatforms) = postSolution
		{CD7C9DF7-63B9-4BF0-A29E-03C6B1AF7404}.Debug|Any CPU.ActiveCfg = Debug|Any CPU
		{CD7C9DF7-63B9-4BF0-A29E-03C6B1AF7404}.Debug|Any CPU.Build.0 = Debug|Any CPU
		{CD7C9DF7-63B9-4BF0-A29E-03C6B1AF7404}.Release|Any CPU.ActiveCfg = Release|Any CPU
		{CD7C9DF7-63B9-4BF0-A29E-03C6B1AF7404}.Release|Any CPU.Build.0 = Release|Any CPU
	EndGlobalSection
	GlobalSection(SolutionProperties) = preSolution
		HideSolutionNode = FALSE
	EndGlobalSection
	GlobalSection(ExtensibilityGlobals) = postSolution
		SolutionGuid = {BF2DFC4C-D0D1-4027-A287-E0FCC40743D4}
	EndGlobalSection
EndGlobal
